
Microsoft Visual Studio Solution File, Format Version 12.00
# Visual Studio 2013
VisualStudioVersion = 12.0.21005.1
MinimumVisualStudioVersion = 10.0.40219.1
Project("{FAE04EC0-301F-11D3-BF4B-00C04F79EFBC}") = "WorldHospital", "WorlHospital\WorldHospital.csproj", "{BBDA9DE4-AEC5-4651-91BF-C28C16C7CDCA}"
EndProject
Project("{FAE04EC0-301F-11D3-BF4B-00C04F79EFBC}") = "WorldHospital.Tests", "WorlHospital.Tests\WorldHospital.Tests.csproj", "{5141F67D-B182-4F05-A350-F16563A1F042}"
EndProject
Global
	GlobalSection(SolutionConfigurationPlatforms) = preSolution
		Debug|Any CPU = Debug|Any CPU
		Release|Any CPU = Release|Any CPU
	EndGlobalSection
	GlobalSection(ProjectConfigurationPlatforms) = postSolution
		{BBDA9DE4-AEC5-4651-91BF-C28C16C7CDCA}.Debug|Any CPU.ActiveCfg = Debug|Any CPU
		{BBDA9DE4-AEC5-4651-91BF-C28C16C7CDCA}.Debug|Any CPU.Build.0 = Debug|Any CPU
		{BBDA9DE4-AEC5-4651-91BF-C28C16C7CDCA}.Release|Any CPU.ActiveCfg = Release|Any CPU
		{BBDA9DE4-AEC5-4651-91BF-C28C16C7CDCA}.Release|Any CPU.Build.0 = Release|Any CPU
		{5141F67D-B182-4F05-A350-F16563A1F042}.Debug|Any CPU.ActiveCfg = Debug|Any CPU
		{5141F67D-B182-4F05-A350-F16563A1F042}.Debug|Any CPU.Build.0 = Debug|Any CPU
		{5141F67D-B182-4F05-A350-F16563A1F042}.Release|Any CPU.ActiveCfg = Release|Any CPU
		{5141F67D-B182-4F05-A350-F16563A1F042}.Release|Any CPU.Build.0 = Release|Any CPU
	EndGlobalSection
	GlobalSection(SolutionProperties) = preSolution
		HideSolutionNode = FALSE
	EndGlobalSection
EndGlobal
